
Microsoft Visual Studio Solution File, Format Version 12.00
# Visual Studio Version 16
VisualStudioVersion = 16.0.31605.320
MinimumVisualStudioVersion = 10.0.40219.1
Project("{8BC9CEB8-8B4A-11D0-8D11-00A0C91BC942}") = "Ex01.01", "Ex01.01\Ex01.01.vcxproj", "{DAD4A65A-088E-446C-8213-3A1D3E243918}"
EndProject
Project("{8BC9CEB8-8B4A-11D0-8D11-00A0C91BC942}") = "Ex01.02", "Ex01.02\Ex01.02.vcxproj", "{DDEF50CA-51B8-498D-8AA6-E97C105A3C73}"
EndProject
Project("{8BC9CEB8-8B4A-11D0-8D11-00A0C91BC942}") = "Ex01.03", "Ex01.03\Ex01.03.vcxproj", "{A94BB4DA-1E6C-4606-99D0-8EA8CD87ADF4}"
EndProject
Project("{8BC9CEB8-8B4A-11D0-8D11-00A0C91BC942}") = "Ex01.04", "Ex01.04\Ex01.04.vcxproj", "{431B0FE6-8522-4E93-858D-32F218DB20E3}"
EndProject
Project("{8BC9CEB8-8B4A-11D0-8D11-00A0C91BC942}") = "Ex01.05", "Ex01.05\Ex01.05.vcxproj", "{55F8A281-5384-4F7D-A6AB-E45E56625B36}"
EndProject
Project("{8BC9CEB8-8B4A-11D0-8D11-00A0C91BC942}") = "Ex01.06", "Ex01.06\Ex01.06.vcxproj", "{CFB7DE74-3C81-4C24-B099-BC9A7A18EDA1}"
EndProject
Project("{8BC9CEB8-8B4A-11D0-8D11-00A0C91BC942}") = "Ex01.07", "Ex01.07\Ex01.07.vcxproj", "{4112B2B7-8EA7-45FD-8EBA-E3BB66A7451D}"
EndProject
Project("{8BC9CEB8-8B4A-11D0-8D11-00A0C91BC942}") = "Ex01.08", "Ex01.08\Ex01.08.vcxproj", "{11ADEB66-587F-4036-9BF6-6F5F4A9C2848}"
EndProject
Global
	GlobalSection(SolutionConfigurationPlatforms) = preSolution
		Debug|x64 = Debug|x64
		Debug|x86 = Debug|x86
		Release|x64 = Release|x64
		Release|x86 = Release|x86
	EndGlobalSection
	GlobalSection(ProjectConfigurationPlatforms) = postSolution
		{DAD4A65A-088E-446C-8213-3A1D3E243918}.Debug|x64.ActiveCfg = Debug|x64
		{DAD4A65A-088E-446C-8213-3A1D3E243918}.Debug|x64.Build.0 = Debug|x64
		{DAD4A65A-088E-446C-8213-3A1D3E243918}.Debug|x86.ActiveCfg = Debug|Win32
		{DAD4A65A-088E-446C-8213-3A1D3E243918}.Debug|x86.Build.0 = Debug|Win32
		{DAD4A65A-088E-446C-8213-3A1D3E243918}.Release|x64.ActiveCfg = Release|x64
		{DAD4A65A-088E-446C-8213-3A1D3E243918}.Release|x64.Build.0 = Release|x64
		{DAD4A65A-088E-446C-8213-3A1D3E243918}.Release|x86.ActiveCfg = Release|Win32
		{DAD4A65A-088E-446C-8213-3A1D3E243918}.Release|x86.Build.0 = Release|Win32
		{DDEF50CA-51B8-498D-8AA6-E97C105A3C73}.Debug|x64.ActiveCfg = Debug|x64
		{DDEF50CA-51B8-498D-8AA6-E97C105A3C73}.Debug|x64.Build.0 = Debug|x64
		{DDEF50CA-51B8-498D-8AA6-E97C105A3C73}.Debug|x86.ActiveCfg = Debug|Win32
		{DDEF50CA-51B8-498D-8AA6-E97C105A3C73}.Debug|x86.Build.0 = Debug|Win32
		{DDEF50CA-51B8-498D-8AA6-E97C105A3C73}.Release|x64.ActiveCfg = Release|x64
		{DDEF50CA-51B8-498D-8AA6-E97C105A3C73}.Release|x64.Build.0 = Release|x64
		{DDEF50CA-51B8-498D-8AA6-E97C105A3C73}.Release|x86.ActiveCfg = Release|Win32
		{DDEF50CA-51B8-498D-8AA6-E97C105A3C73}.Release|x86.Build.0 = Release|Win32
		{A94BB4DA-1E6C-4606-99D0-8EA8CD87ADF4}.Debug|x64.ActiveCfg = Debug|x64
		{A94BB4DA-1E6C-4606-99D0-8EA8CD87ADF4}.Debug|x64.Build.0 = Debug|x64
		{A94BB4DA-1E6C-4606-99D0-8EA8CD87ADF4}.Debug|x86.ActiveCfg = Debug|Win32
		{A94BB4DA-1E6C-4606-99D0-8EA8CD87ADF4}.Debug|x86.Build.0 = Debug|Win32
		{A94BB4DA-1E6C-4606-99D0-8EA8CD87ADF4}.Release|x64.ActiveCfg = Release|x64
		{A94BB4DA-1E6C-4606-99D0-8EA8CD87ADF4}.Release|x64.Build.0 = Release|x64
		{A94BB4DA-1E6C-4606-99D0-8EA8CD87ADF4}.Release|x86.ActiveCfg = Release|Win32
		{A94BB4DA-1E6C-4606-99D0-8EA8CD87ADF4}.Release|x86.Build.0 = Release|Win32
		{431B0FE6-8522-4E93-858D-32F218DB20E3}.Debug|x64.ActiveCfg = Debug|x64
		{431B0FE6-8522-4E93-858D-32F218DB20E3}.Debug|x64.Build.0 = Debug|x64
		{431B0FE6-8522-4E93-858D-32F218DB20E3}.Debug|x86.ActiveCfg = Debug|Win32
		{431B0FE6-8522-4E93-858D-32F218DB20E3}.Debug|x86.Build.0 = Debug|Win32
		{431B0FE6-8522-4E93-858D-32F218DB20E3}.Release|x64.ActiveCfg = Release|x64
		{431B0FE6-8522-4E93-858D-32F218DB20E3}.Release|x64.Build.0 = Release|x64
		{431B0FE6-8522-4E93-858D-32F218DB20E3}.Release|x86.ActiveCfg = Release|Win32
		{431B0FE6-8522-4E93-858D-32F218DB20E3}.Release|x86.Build.0 = Release|Win32
		{55F8A281-5384-4F7D-A6AB-E45E56625B36}.Debug|x64.ActiveCfg = Debug|x64
		{55F8A281-5384-4F7D-A6AB-E45E56625B36}.Debug|x64.Build.0 = Debug|x64
		{55F8A281-5384-4F7D-A6AB-E45E56625B36}.Debug|x86.ActiveCfg = Debug|Win32
		{55F8A281-5384-4F7D-A6AB-E45E56625B36}.Debug|x86.Build.0 = Debug|Win32
		{55F8A281-5384-4F7D-A6AB-E45E56625B36}.Release|x64.ActiveCfg = Release|x64
		{55F8A281-5384-4F7D-A6AB-E45E56625B36}.Release|x64.Build.0 = Release|x64
		{55F8A281-5384-4F7D-A6AB-E45E56625B36}.Release|x86.ActiveCfg = Release|Win32
		{55F8A281-5384-4F7D-A6AB-E45E56625B36}.Release|x86.Build.0 = Release|Win32
		{CFB7DE74-3C81-4C24-B099-BC9A7A18EDA1}.Debug|x64.ActiveCfg = Debug|x64
		{CFB7DE74-3C81-4C24-B099-BC9A7A18EDA1}.Debug|x64.Build.0 = Debug|x64
		{CFB7DE74-3C81-4C24-B099-BC9A7A18EDA1}.Debug|x86.ActiveCfg = Debug|Win32
		{CFB7DE74-3C81-4C24-B099-BC9A7A18EDA1}.Debug|x86.Build.0 = Debug|Win32
		{CFB7DE74-3C81-4C24-B099-BC9A7A18EDA1}.Release|x64.ActiveCfg = Release|x64
		{CFB7DE74-3C81-4C24-B099-BC9A7A18EDA1}.Release|x64.Build.0 = Release|x64
		{CFB7DE74-3C81-4C24-B099-BC9A7A18EDA1}.Release|x86.ActiveCfg = Release|Win32
		{CFB7DE74-3C81-4C24-B099-BC9A7A18EDA1}.Release|x86.Build.0 = Release|Win32
		{4112B2B7-8EA7-45FD-8EBA-E3BB66A7451D}.Debug|x64.ActiveCfg = Debug|x64
		{4112B2B7-8EA7-45FD-8EBA-E3BB66A7451D}.Debug|x64.Build.0 = Debug|x64
		{4112B2B7-8EA7-45FD-8EBA-E3BB66A7451D}.Debug|x86.ActiveCfg = Debug|Win32
		{4112B2B7-8EA7-45FD-8EBA-E3BB66A7451D}.Debug|x86.Build.0 = Debug|Win32
		{4112B2B7-8EA7-45FD-8EBA-E3BB66A7451D}.Release|x64.ActiveCfg = Release|x64
		{4112B2B7-8EA7-45FD-8EBA-E3BB66A7451D}.Release|x64.Build.0 = Release|x64
		{4112B2B7-8EA7-45FD-8EBA-E3BB66A7451D}.Release|x86.ActiveCfg = Release|Win32
		{4112B2B7-8EA7-45FD-8EBA-E3BB66A7451D}.Release|x86.Build.0 = Release|Win32
		{11ADEB66-587F-4036-9BF6-6F5F4A9C2848}.Debug|x64.ActiveCfg = Debug|x64
		{11ADEB66-587F-4036-9BF6-6F5F4A9C2848}.Debug|x64.Build.0 = Debug|x64
		{11ADEB66-587F-4036-9BF6-6F5F4A9C2848}.Debug|x86.ActiveCfg = Debug|Win32
		{11ADEB66-587F-4036-9BF6-6F5F4A9C2848}.Debug|x86.Build.0 = Debug|Win32
		{11ADEB66-587F-4036-9BF6-6F5F4A9C2848}.Release|x64.ActiveCfg = Release|x64
		{11ADEB66-587F-4036-9BF6-6F5F4A9C2848}.Release|x64.Build.0 = Release|x64
		{11ADEB66-587F-4036-9BF6-6F5F4A9C2848}.Release|x86.ActiveCfg = Release|Win32
		{11ADEB66-587F-4036-9BF6-6F5F4A9C2848}.Release|x86.Build.0 = Release|Win32
	EndGlobalSection
	GlobalSection(SolutionProperties) = preSolution
		HideSolutionNode = FALSE
	EndGlobalSection
	GlobalSection(ExtensibilityGlobals) = postSolution
		SolutionGuid = {C1F47175-F83B-471F-8D87-E72A8B638892}
	EndGlobalSection
EndGlobal
